
Microsoft Visual Studio Solution File, Format Version 12.00
# Visual Studio Version 16
VisualStudioVersion = 16.0.29613.14
MinimumVisualStudioVersion = 10.0.40219.1
Project("{FAE04EC0-301F-11D3-BF4B-00C04F79EFBC}") = "GameShopping", "GameShopping\GameShopping.csproj", "{EF2DF061-8CA5-400E-8532-8862B1079011}"
EndProject
Project("{FAE04EC0-301F-11D3-BF4B-00C04F79EFBC}") = "Models", "Models\Models.csproj", "{EF9AE3E2-98BA-41EC-AE30-08FB03636845}"
EndProject
Project("{FAE04EC0-301F-11D3-BF4B-00C04F79EFBC}") = "DAL", "DAL\DAL.csproj", "{8F68F612-3540-4BFD-92E0-1C1D547FB4F2}"
EndProject
Project("{FAE04EC0-301F-11D3-BF4B-00C04F79EFBC}") = "BLL", "BLL\BLL.csproj", "{F33E9E94-ADDF-433F-A924-6ECEEFDEF446}"
EndProject
Global
	GlobalSection(SolutionConfigurationPlatforms) = preSolution
		Debug|Any CPU = Debug|Any CPU
		Release|Any CPU = Release|Any CPU
	EndGlobalSection
	GlobalSection(ProjectConfigurationPlatforms) = postSolution
		{EF2DF061-8CA5-400E-8532-8862B1079011}.Debug|Any CPU.ActiveCfg = Debug|Any CPU
		{EF2DF061-8CA5-400E-8532-8862B1079011}.Debug|Any CPU.Build.0 = Debug|Any CPU
		{EF2DF061-8CA5-400E-8532-8862B1079011}.Release|Any CPU.ActiveCfg = Release|Any CPU
		{EF2DF061-8CA5-400E-8532-8862B1079011}.Release|Any CPU.Build.0 = Release|Any CPU
		{EF9AE3E2-98BA-41EC-AE30-08FB03636845}.Debug|Any CPU.ActiveCfg = Debug|Any CPU
		{EF9AE3E2-98BA-41EC-AE30-08FB03636845}.Debug|Any CPU.Build.0 = Debug|Any CPU
		{EF9AE3E2-98BA-41EC-AE30-08FB03636845}.Release|Any CPU.ActiveCfg = Release|Any CPU
		{EF9AE3E2-98BA-41EC-AE30-08FB03636845}.Release|Any CPU.Build.0 = Release|Any CPU
		{8F68F612-3540-4BFD-92E0-1C1D547FB4F2}.Debug|Any CPU.ActiveCfg = Debug|Any CPU
		{8F68F612-3540-4BFD-92E0-1C1D547FB4F2}.Debug|Any CPU.Build.0 = Debug|Any CPU
		{8F68F612-3540-4BFD-92E0-1C1D547FB4F2}.Release|Any CPU.ActiveCfg = Release|Any CPU
		{8F68F612-3540-4BFD-92E0-1C1D547FB4F2}.Release|Any CPU.Build.0 = Release|Any CPU
		{F33E9E94-ADDF-433F-A924-6ECEEFDEF446}.Debug|Any CPU.ActiveCfg = Debug|Any CPU
		{F33E9E94-ADDF-433F-A924-6ECEEFDEF446}.Debug|Any CPU.Build.0 = Debug|Any CPU
		{F33E9E94-ADDF-433F-A924-6ECEEFDEF446}.Release|Any CPU.ActiveCfg = Release|Any CPU
		{F33E9E94-ADDF-433F-A924-6ECEEFDEF446}.Release|Any CPU.Build.0 = Release|Any CPU
	EndGlobalSection
	GlobalSection(SolutionProperties) = preSolution
		HideSolutionNode = FALSE
	EndGlobalSection
	GlobalSection(ExtensibilityGlobals) = postSolution
		SolutionGuid = {647BF218-CCC7-4468-AC60-9868AB3DAFB6}
	EndGlobalSection
EndGlobal
