
Microsoft Visual Studio Solution File, Format Version 12.00
# Visual Studio Version 16
VisualStudioVersion = 16.0.29806.167
MinimumVisualStudioVersion = 10.0.40219.1
Project("{FAE04EC0-301F-11D3-BF4B-00C04F79EFBC}") = "YAConpay", "YAConpay\YAConpay.csproj", "{19035A8C-7340-45C8-A8C8-4DF304C5CD8C}"
EndProject
Global
	GlobalSection(SolutionConfigurationPlatforms) = preSolution
		Debug|Any CPU = Debug|Any CPU
		Release|Any CPU = Release|Any CPU
	EndGlobalSection
	GlobalSection(ProjectConfigurationPlatforms) = postSolution
		{19035A8C-7340-45C8-A8C8-4DF304C5CD8C}.Debug|Any CPU.ActiveCfg = Debug|Any CPU
		{19035A8C-7340-45C8-A8C8-4DF304C5CD8C}.Debug|Any CPU.Build.0 = Debug|Any CPU
		{19035A8C-7340-45C8-A8C8-4DF304C5CD8C}.Release|Any CPU.ActiveCfg = Release|Any CPU
		{19035A8C-7340-45C8-A8C8-4DF304C5CD8C}.Release|Any CPU.Build.0 = Release|Any CPU
	EndGlobalSection
	GlobalSection(SolutionProperties) = preSolution
		HideSolutionNode = FALSE
	EndGlobalSection
	GlobalSection(ExtensibilityGlobals) = postSolution
		SolutionGuid = {EDD4DC37-BB66-4AF1-B901-FF8A87EF9526}
	EndGlobalSection
EndGlobal
